
Microsoft Visual Studio Solution File, Format Version 12.00
# Visual Studio Version 17
VisualStudioVersion = 17.4.33205.214
MinimumVisualStudioVersion = 10.0.40219.1
Project("{FAE04EC0-301F-11D3-BF4B-00C04F79EFBC}") = "WPF_ZooAnimals", "WPF_ZooAnimals\WPF_ZooAnimals.csproj", "{67D5DDAC-1D72-4AE3-8B07-F6007632CE81}"
EndProject
Global
	GlobalSection(SolutionConfigurationPlatforms) = preSolution
		Debug|Any CPU = Debug|Any CPU
		Release|Any CPU = Release|Any CPU
	EndGlobalSection
	GlobalSection(ProjectConfigurationPlatforms) = postSolution
		{67D5DDAC-1D72-4AE3-8B07-F6007632CE81}.Debug|Any CPU.ActiveCfg = Debug|Any CPU
		{67D5DDAC-1D72-4AE3-8B07-F6007632CE81}.Debug|Any CPU.Build.0 = Debug|Any CPU
		{67D5DDAC-1D72-4AE3-8B07-F6007632CE81}.Release|Any CPU.ActiveCfg = Release|Any CPU
		{67D5DDAC-1D72-4AE3-8B07-F6007632CE81}.Release|Any CPU.Build.0 = Release|Any CPU
	EndGlobalSection
	GlobalSection(SolutionProperties) = preSolution
		HideSolutionNode = FALSE
	EndGlobalSection
	GlobalSection(ExtensibilityGlobals) = postSolution
		SolutionGuid = {08D46F6F-0C17-4AE6-BB59-3BD892A84AC9}
	EndGlobalSection
EndGlobal
